<?xml version="1.0" encoding="UTF-8" standalone="yes" ?>
<CodeBlocks_project_file>
	<FileVersion major="1" minor="6" />
	<Project>
		<Option title="DragonRush" />
		<Option compiler="gcc" />
		<Option virtualFolders="Shaders\;" />
		<Build>
			<Target title="Debug">
				<Option output="../DragonRush_build/Debug/DragonRush" prefix_auto="1" extension_auto="1" />
				<Option object_output="../DragonRush_build/obj/Debug/" />
				<Option type="1" />
				<Option compiler="gcc" />
				<Compiler>
					<Add option="-g" />
				</Compiler>
			</Target>
			<Target title="Release">
				<Option output="../DragonRush_build/Release/DragonRush" prefix_auto="1" extension_auto="1" />
				<Option object_output="../DragonRush_build/obj/Release/" />
				<Option type="1" />
				<Option compiler="gcc" />
				<Compiler>
					<Add option="-O2" />
				</Compiler>
				<Linker>
					<Add option="-s" />
				</Linker>
			</Target>
		</Build>
		<Compiler>
			<Add option="-std=c++11" />
			<Add option="-Wall" />
			<Add option='-include &quot;precomp.h&quot;' />
			<Add directory="$(#glfw.include)" />
			<Add directory="$(#glew.include)" />
			<Add directory="$(#glm.include)" />
			<Add directory="$(#soil.include)" />
			<Add directory="include" />
		</Compiler>
		<Linker>
			<Add library="SOIL" />
			<Add library="glew_static" />
			<Add library="glfw3" />
			<Add library="glu32" />
			<Add library="opengl32" />
			<Add library="gdi32" />
			<Add directory="$(#glfw.lib)" />
			<Add directory="$(#glew.lib)" />
			<Add directory="$(#soil.lib)" />
		</Linker>
		<Unit filename="include/CCamera.h" />
		<Unit filename="include/CCube.h" />
		<Unit filename="include/CGameObject.h" />
		<Unit filename="include/CInputManager.h" />
		<Unit filename="include/CMesh.h" />
		<Unit filename="include/CQuad.h" />
		<Unit filename="include/CRenderer.h" />
		<Unit filename="include/CShader.h" />
		<Unit filename="include/info.h" />
		<Unit filename="include/precomp.h">
			<Option compile="1" />
			<Option weight="0" />
		</Unit>
		<Unit filename="include/util.h" />
		<Unit filename="shaders/default.glsl">
			<Option virtualFolder="Shaders/" />
		</Unit>
		<Unit filename="shaders/mosaic.glsl">
			<Option virtualFolder="Shaders/" />
		</Unit>
		<Unit filename="shaders/phong.glsl">
			<Option virtualFolder="Shaders/" />
		</Unit>
		<Unit filename="shaders/toonphong.glsl">
			<Option virtualFolder="Shaders/" />
		</Unit>
		<Unit filename="src/CCamera.cpp" />
		<Unit filename="src/CCube.cpp" />
		<Unit filename="src/CGameObject.cpp" />
		<Unit filename="src/CInputManager.cpp" />
		<Unit filename="src/CMesh.cpp" />
		<Unit filename="src/CRenderer.cpp" />
		<Unit filename="src/CShader.cpp" />
		<Unit filename="src/main.cpp" />
		<Extensions>
			<code_completion />
			<envvars />
			<debugger />
			<DoxyBlocks>
				<comment_style block="0" line="0" />
				<doxyfile_project />
				<doxyfile_build />
				<doxyfile_warnings />
				<doxyfile_output />
				<doxyfile_dot />
				<general />
			</DoxyBlocks>
		</Extensions>
	</Project>
</CodeBlocks_project_file>
